// !$*UTF8*$!
{
	archiveVersion = 1;
	classes = {
	};
	objectVersion = 50;
	objects = {

/* Begin PBXBuildFile section */
		11CA4B85232BA37143D9238E /* Pods_JobsityChallengeTests.framework in Frameworks */ = {isa = PBXBuildFile; fileRef = 9F43A3EB4DD18C7891811DF4 /* Pods_JobsityChallengeTests.framework */; };
		62D303AB8071B4BA6DD2F9FC /* Pods_JobsityChallenge.framework in Frameworks */ = {isa = PBXBuildFile; fileRef = 26A00EEC7344956B895EE868 /* Pods_JobsityChallenge.framework */; };
		9CEA4761226FC7D9009DC366 /* AppDelegate.swift in Sources */ = {isa = PBXBuildFile; fileRef = 9CEA4760226FC7D9009DC366 /* AppDelegate.swift */; };
		9CEA4766226FC7D9009DC366 /* Main.storyboard in Resources */ = {isa = PBXBuildFile; fileRef = 9CEA4764226FC7D9009DC366 /* Main.storyboard */; };
		9CEA4769226FC7D9009DC366 /* JobsityChallenge.xcdatamodeld in Sources */ = {isa = PBXBuildFile; fileRef = 9CEA4767226FC7D9009DC366 /* JobsityChallenge.xcdatamodeld */; };
		9CEA476B226FC7DA009DC366 /* Assets.xcassets in Resources */ = {isa = PBXBuildFile; fileRef = 9CEA476A226FC7DA009DC366 /* Assets.xcassets */; };
		9CEA476E226FC7DA009DC366 /* LaunchScreen.storyboard in Resources */ = {isa = PBXBuildFile; fileRef = 9CEA476C226FC7DA009DC366 /* LaunchScreen.storyboard */; };
		9CEA4779226FC7DB009DC366 /* JobsityChallengeTests.swift in Sources */ = {isa = PBXBuildFile; fileRef = 9CEA4778226FC7DB009DC366 /* JobsityChallengeTests.swift */; };
		9CEA47872270562D009DC366 /* Config.plist in Resources */ = {isa = PBXBuildFile; fileRef = 9CEA47862270562D009DC366 /* Config.plist */; };
		9CEA478922705B76009DC366 /* ServiceManager.swift in Sources */ = {isa = PBXBuildFile; fileRef = 9CEA478822705B76009DC366 /* ServiceManager.swift */; };
		9CEA478B22705BE1009DC366 /* ConfigManager.swift in Sources */ = {isa = PBXBuildFile; fileRef = 9CEA478A22705BE1009DC366 /* ConfigManager.swift */; };
		9CEA478E2270617B009DC366 /* PersistenceManager.swift in Sources */ = {isa = PBXBuildFile; fileRef = 9CEA478D2270617B009DC366 /* PersistenceManager.swift */; };
		9CEA479622706729009DC366 /* ShowsService.swift in Sources */ = {isa = PBXBuildFile; fileRef = 9CEA479522706729009DC366 /* ShowsService.swift */; };
		9CEA479C22706D2C009DC366 /* Show.storyboard in Resources */ = {isa = PBXBuildFile; fileRef = 9CEA479B22706D2C009DC366 /* Show.storyboard */; };
		9CEA479F22710994009DC366 /* ShowResult.swift in Sources */ = {isa = PBXBuildFile; fileRef = 9CEA479E22710994009DC366 /* ShowResult.swift */; };
		9CEA47A122710FBA009DC366 /* MainViewController.swift in Sources */ = {isa = PBXBuildFile; fileRef = 9CEA47A022710FBA009DC366 /* MainViewController.swift */; };
		9CEA47A422711127009DC366 /* ShowModel.swift in Sources */ = {isa = PBXBuildFile; fileRef = 9CEA47A322711127009DC366 /* ShowModel.swift */; };
		9CEA47A722711961009DC366 /* ShowTableViewController.swift in Sources */ = {isa = PBXBuildFile; fileRef = 9CEA47A622711961009DC366 /* ShowTableViewController.swift */; };
		9CEA47AB22712F35009DC366 /* ShowTableViewCell.swift in Sources */ = {isa = PBXBuildFile; fileRef = 9CEA47A922712F35009DC366 /* ShowTableViewCell.swift */; };
		9CEA47AC22712F35009DC366 /* ShowTableViewCell.xib in Resources */ = {isa = PBXBuildFile; fileRef = 9CEA47AA22712F35009DC366 /* ShowTableViewCell.xib */; };
		9CEA47AE2271A216009DC366 /* ShowData.swift in Sources */ = {isa = PBXBuildFile; fileRef = 9CEA47AD2271A216009DC366 /* ShowData.swift */; };
/* End PBXBuildFile section */

/* Begin PBXContainerItemProxy section */
		9CEA4775226FC7DB009DC366 /* PBXContainerItemProxy */ = {
			isa = PBXContainerItemProxy;
			containerPortal = 9CEA4755226FC7D9009DC366 /* Project object */;
			proxyType = 1;
			remoteGlobalIDString = 9CEA475C226FC7D9009DC366;
			remoteInfo = JobsityChallenge;
		};
/* End PBXContainerItemProxy section */

/* Begin PBXFileReference section */
		26A00EEC7344956B895EE868 /* Pods_JobsityChallenge.framework */ = {isa = PBXFileReference; explicitFileType = wrapper.framework; includeInIndex = 0; path = Pods_JobsityChallenge.framework; sourceTree = BUILT_PRODUCTS_DIR; };
		9CEA475D226FC7D9009DC366 /* JobsityChallenge.app */ = {isa = PBXFileReference; explicitFileType = wrapper.application; includeInIndex = 0; path = JobsityChallenge.app; sourceTree = BUILT_PRODUCTS_DIR; };
		9CEA4760226FC7D9009DC366 /* AppDelegate.swift */ = {isa = PBXFileReference; lastKnownFileType = sourcecode.swift; path = AppDelegate.swift; sourceTree = "<group>"; };
		9CEA4765226FC7D9009DC366 /* Base */ = {isa = PBXFileReference; lastKnownFileType = file.storyboard; name = Base; path = Base.lproj/Main.storyboard; sourceTree = "<group>"; };
		9CEA4768226FC7D9009DC366 /* JobsityChallenge.xcdatamodel */ = {isa = PBXFileReference; lastKnownFileType = wrapper.xcdatamodel; path = JobsityChallenge.xcdatamodel; sourceTree = "<group>"; };
		9CEA476A226FC7DA009DC366 /* Assets.xcassets */ = {isa = PBXFileReference; lastKnownFileType = folder.assetcatalog; path = Assets.xcassets; sourceTree = "<group>"; };
		9CEA476D226FC7DA009DC366 /* Base */ = {isa = PBXFileReference; lastKnownFileType = file.storyboard; name = Base; path = Base.lproj/LaunchScreen.storyboard; sourceTree = "<group>"; };
		9CEA476F226FC7DA009DC366 /* Info.plist */ = {isa = PBXFileReference; lastKnownFileType = text.plist.xml; path = Info.plist; sourceTree = "<group>"; };
		9CEA4774226FC7DB009DC366 /* JobsityChallengeTests.xctest */ = {isa = PBXFileReference; explicitFileType = wrapper.cfbundle; includeInIndex = 0; path = JobsityChallengeTests.xctest; sourceTree = BUILT_PRODUCTS_DIR; };
		9CEA4778226FC7DB009DC366 /* JobsityChallengeTests.swift */ = {isa = PBXFileReference; lastKnownFileType = sourcecode.swift; path = JobsityChallengeTests.swift; sourceTree = "<group>"; };
		9CEA477A226FC7DB009DC366 /* Info.plist */ = {isa = PBXFileReference; lastKnownFileType = text.plist.xml; path = Info.plist; sourceTree = "<group>"; };
		9CEA47862270562D009DC366 /* Config.plist */ = {isa = PBXFileReference; lastKnownFileType = text.plist.xml; path = Config.plist; sourceTree = "<group>"; };
		9CEA478822705B76009DC366 /* ServiceManager.swift */ = {isa = PBXFileReference; lastKnownFileType = sourcecode.swift; path = ServiceManager.swift; sourceTree = "<group>"; };
		9CEA478A22705BE1009DC366 /* ConfigManager.swift */ = {isa = PBXFileReference; lastKnownFileType = sourcecode.swift; path = ConfigManager.swift; sourceTree = "<group>"; };
		9CEA478D2270617B009DC366 /* PersistenceManager.swift */ = {isa = PBXFileReference; lastKnownFileType = sourcecode.swift; path = PersistenceManager.swift; sourceTree = "<group>"; };
		9CEA479522706729009DC366 /* ShowsService.swift */ = {isa = PBXFileReference; lastKnownFileType = sourcecode.swift; path = ShowsService.swift; sourceTree = "<group>"; };
		9CEA479B22706D2C009DC366 /* Show.storyboard */ = {isa = PBXFileReference; fileEncoding = 4; lastKnownFileType = file.storyboard; path = Show.storyboard; sourceTree = "<group>"; };
		9CEA479E22710994009DC366 /* ShowResult.swift */ = {isa = PBXFileReference; lastKnownFileType = sourcecode.swift; path = ShowResult.swift; sourceTree = "<group>"; };
		9CEA47A022710FBA009DC366 /* MainViewController.swift */ = {isa = PBXFileReference; lastKnownFileType = sourcecode.swift; path = MainViewController.swift; sourceTree = "<group>"; };
		9CEA47A322711127009DC366 /* ShowModel.swift */ = {isa = PBXFileReference; lastKnownFileType = sourcecode.swift; path = ShowModel.swift; sourceTree = "<group>"; };
		9CEA47A622711961009DC366 /* ShowTableViewController.swift */ = {isa = PBXFileReference; lastKnownFileType = sourcecode.swift; path = ShowTableViewController.swift; sourceTree = "<group>"; };
		9CEA47A922712F35009DC366 /* ShowTableViewCell.swift */ = {isa = PBXFileReference; lastKnownFileType = sourcecode.swift; path = ShowTableViewCell.swift; sourceTree = "<group>"; };
		9CEA47AA22712F35009DC366 /* ShowTableViewCell.xib */ = {isa = PBXFileReference; lastKnownFileType = file.xib; path = ShowTableViewCell.xib; sourceTree = "<group>"; };
		9CEA47AD2271A216009DC366 /* ShowData.swift */ = {isa = PBXFileReference; lastKnownFileType = sourcecode.swift; path = ShowData.swift; sourceTree = "<group>"; };
		9F43A3EB4DD18C7891811DF4 /* Pods_JobsityChallengeTests.framework */ = {isa = PBXFileReference; explicitFileType = wrapper.framework; includeInIndex = 0; path = Pods_JobsityChallengeTests.framework; sourceTree = BUILT_PRODUCTS_DIR; };
		CF07CE1660BC18116F20F9F8 /* Pods-JobsityChallengeTests.release.xcconfig */ = {isa = PBXFileReference; includeInIndex = 1; lastKnownFileType = text.xcconfig; name = "Pods-JobsityChallengeTests.release.xcconfig"; path = "Target Support Files/Pods-JobsityChallengeTests/Pods-JobsityChallengeTests.release.xcconfig"; sourceTree = "<group>"; };
		EB36A10E12001900FD4937E3 /* Pods-JobsityChallengeTests.debug.xcconfig */ = {isa = PBXFileReference; includeInIndex = 1; lastKnownFileType = text.xcconfig; name = "Pods-JobsityChallengeTests.debug.xcconfig"; path = "Target Support Files/Pods-JobsityChallengeTests/Pods-JobsityChallengeTests.debug.xcconfig"; sourceTree = "<group>"; };
		F59817FBBF2DA5AB1EA8C3E2 /* Pods-JobsityChallenge.debug.xcconfig */ = {isa = PBXFileReference; includeInIndex = 1; lastKnownFileType = text.xcconfig; name = "Pods-JobsityChallenge.debug.xcconfig"; path = "Target Support Files/Pods-JobsityChallenge/Pods-JobsityChallenge.debug.xcconfig"; sourceTree = "<group>"; };
		FD36E6CD71CD2F09A671D99A /* Pods-JobsityChallenge.release.xcconfig */ = {isa = PBXFileReference; includeInIndex = 1; lastKnownFileType = text.xcconfig; name = "Pods-JobsityChallenge.release.xcconfig"; path = "Target Support Files/Pods-JobsityChallenge/Pods-JobsityChallenge.release.xcconfig"; sourceTree = "<group>"; };
/* End PBXFileReference section */

/* Begin PBXFrameworksBuildPhase section */
		9CEA475A226FC7D9009DC366 /* Frameworks */ = {
			isa = PBXFrameworksBuildPhase;
			buildActionMask = 2147483647;
			files = (
				62D303AB8071B4BA6DD2F9FC /* Pods_JobsityChallenge.framework in Frameworks */,
			);
			runOnlyForDeploymentPostprocessing = 0;
		};
		9CEA4771226FC7DB009DC366 /* Frameworks */ = {
			isa = PBXFrameworksBuildPhase;
			buildActionMask = 2147483647;
			files = (
				11CA4B85232BA37143D9238E /* Pods_JobsityChallengeTests.framework in Frameworks */,
			);
			runOnlyForDeploymentPostprocessing = 0;
		};
/* End PBXFrameworksBuildPhase section */

/* Begin PBXGroup section */
		4E227336CD73E36137A5A937 /* Frameworks */ = {
			isa = PBXGroup;
			children = (
				26A00EEC7344956B895EE868 /* Pods_JobsityChallenge.framework */,
				9F43A3EB4DD18C7891811DF4 /* Pods_JobsityChallengeTests.framework */,
			);
			name = Frameworks;
			sourceTree = "<group>";
		};
		7697CA22824D6F6B3422CAF4 /* Pods */ = {
			isa = PBXGroup;
			children = (
				F59817FBBF2DA5AB1EA8C3E2 /* Pods-JobsityChallenge.debug.xcconfig */,
				FD36E6CD71CD2F09A671D99A /* Pods-JobsityChallenge.release.xcconfig */,
				EB36A10E12001900FD4937E3 /* Pods-JobsityChallengeTests.debug.xcconfig */,
				CF07CE1660BC18116F20F9F8 /* Pods-JobsityChallengeTests.release.xcconfig */,
			);
			path = Pods;
			sourceTree = "<group>";
		};
		9CEA4754226FC7D9009DC366 = {
			isa = PBXGroup;
			children = (
				9CEA475F226FC7D9009DC366 /* JobsityChallenge */,
				9CEA4777226FC7DB009DC366 /* JobsityChallengeTests */,
				9CEA475E226FC7D9009DC366 /* Products */,
				7697CA22824D6F6B3422CAF4 /* Pods */,
				4E227336CD73E36137A5A937 /* Frameworks */,
			);
			sourceTree = "<group>";
		};
		9CEA475E226FC7D9009DC366 /* Products */ = {
			isa = PBXGroup;
			children = (
				9CEA475D226FC7D9009DC366 /* JobsityChallenge.app */,
				9CEA4774226FC7DB009DC366 /* JobsityChallengeTests.xctest */,
			);
			name = Products;
			sourceTree = "<group>";
		};
		9CEA475F226FC7D9009DC366 /* JobsityChallenge */ = {
			isa = PBXGroup;
			children = (
				9CEA479722706A46009DC366 /* Shows */,
				9CEA478522705600009DC366 /* Resources */,
				9CEA4784227055DF009DC366 /* Main */,
				9CEA4783227055D4009DC366 /* Common */,
				9CEA476F226FC7DA009DC366 /* Info.plist */,
			);
			path = JobsityChallenge;
			sourceTree = "<group>";
		};
		9CEA4777226FC7DB009DC366 /* JobsityChallengeTests */ = {
			isa = PBXGroup;
			children = (
				9CEA4778226FC7DB009DC366 /* JobsityChallengeTests.swift */,
				9CEA477A226FC7DB009DC366 /* Info.plist */,
			);
			path = JobsityChallengeTests;
			sourceTree = "<group>";
		};
		9CEA4783227055D4009DC366 /* Common */ = {
			isa = PBXGroup;
			children = (
				9CEA47AF2271ABCB009DC366 /* Extension */,
				9CEA4790227061BE009DC366 /* Service */,
				9CEA478F227061B8009DC366 /* Model */,
				9CEA4760226FC7D9009DC366 /* AppDelegate.swift */,
				9CEA478A22705BE1009DC366 /* ConfigManager.swift */,
				9CEA478D2270617B009DC366 /* PersistenceManager.swift */,
			);
			path = Common;
			sourceTree = "<group>";
		};
		9CEA4784227055DF009DC366 /* Main */ = {
			isa = PBXGroup;
			children = (
				9CEA47932270626F009DC366 /* View */,
				9CEA479222706269009DC366 /* Model */,
				9CEA479122706261009DC366 /* Controller */,
				9CEA4764226FC7D9009DC366 /* Main.storyboard */,
			);
			path = Main;
			sourceTree = "<group>";
		};
		9CEA478522705600009DC366 /* Resources */ = {
			isa = PBXGroup;
			children = (
				9CEA476A226FC7DA009DC366 /* Assets.xcassets */,
				9CEA476C226FC7DA009DC366 /* LaunchScreen.storyboard */,
				9CEA47862270562D009DC366 /* Config.plist */,
			);
			path = Resources;
			sourceTree = "<group>";
		};
		9CEA478F227061B8009DC366 /* Model */ = {
			isa = PBXGroup;
			children = (
				9CEA4767226FC7D9009DC366 /* JobsityChallenge.xcdatamodeld */,
			);
			path = Model;
			sourceTree = "<group>";
		};
		9CEA4790227061BE009DC366 /* Service */ = {
			isa = PBXGroup;
			children = (
				9CEA478822705B76009DC366 /* ServiceManager.swift */,
			);
			path = Service;
			sourceTree = "<group>";
		};
		9CEA479122706261009DC366 /* Controller */ = {
			isa = PBXGroup;
			children = (
				9CEA47A022710FBA009DC366 /* MainViewController.swift */,
			);
			path = Controller;
			sourceTree = "<group>";
		};
		9CEA479222706269009DC366 /* Model */ = {
			isa = PBXGroup;
			children = (
			);
			path = Model;
			sourceTree = "<group>";
		};
		9CEA47932270626F009DC366 /* View */ = {
			isa = PBXGroup;
			children = (
			);
			path = View;
			sourceTree = "<group>";
		};
		9CEA479422706273009DC366 /* Service */ = {
			isa = PBXGroup;
			children = (
				9CEA479D22710978009DC366 /* Codeable */,
				9CEA479522706729009DC366 /* ShowsService.swift */,
			);
			path = Service;
			sourceTree = "<group>";
		};
		9CEA479722706A46009DC366 /* Shows */ = {
			isa = PBXGroup;
			children = (
				9CEA47A822712F10009DC366 /* View */,
				9CEA47A522711944009DC366 /* Controller */,
				9CEA47A222711114009DC366 /* Model */,
				9CEA479422706273009DC366 /* Service */,
				9CEA479B22706D2C009DC366 /* Show.storyboard */,
			);
			path = Shows;
			sourceTree = "<group>";
		};
		9CEA479D22710978009DC366 /* Codeable */ = {
			isa = PBXGroup;
			children = (
				9CEA479E22710994009DC366 /* ShowResult.swift */,
			);
			path = Codeable;
			sourceTree = "<group>";
		};
		9CEA47A222711114009DC366 /* Model */ = {
			isa = PBXGroup;
			children = (
				9CEA47A322711127009DC366 /* ShowModel.swift */,
				9CEA47AD2271A216009DC366 /* ShowData.swift */,
			);
			path = Model;
			sourceTree = "<group>";
		};
		9CEA47A522711944009DC366 /* Controller */ = {
			isa = PBXGroup;
			children = (
				9CEA47A622711961009DC366 /* ShowTableViewController.swift */,
			);
			path = Controller;
			sourceTree = "<group>";
		};
		9CEA47A822712F10009DC366 /* View */ = {
			isa = PBXGroup;
			children = (
				9CEA47A922712F35009DC366 /* ShowTableViewCell.swift */,
				9CEA47AA22712F35009DC366 /* ShowTableViewCell.xib */,
			);
			path = View;
			sourceTree = "<group>";
		};
		9CEA47AF2271ABCB009DC366 /* Extension */ = {
			isa = PBXGroup;
			children = (
			);
			path = Extension;
			sourceTree = "<group>";
		};
/* End PBXGroup section */

/* Begin PBXNativeTarget section */
		9CEA475C226FC7D9009DC366 /* JobsityChallenge */ = {
			isa = PBXNativeTarget;
			buildConfigurationList = 9CEA477D226FC7DB009DC366 /* Build configuration list for PBXNativeTarget "JobsityChallenge" */;
			buildPhases = (
				787BFDB47B99D63FE94A0F56 /* [CP] Check Pods Manifest.lock */,
				9CEA4759226FC7D9009DC366 /* Sources */,
				9CEA475A226FC7D9009DC366 /* Frameworks */,
				9CEA475B226FC7D9009DC366 /* Resources */,
				0DFA986D54604EB615185982 /* [CP] Embed Pods Frameworks */,
			);
			buildRules = (
			);
			dependencies = (
			);
			name = JobsityChallenge;
			productName = JobsityChallenge;
			productReference = 9CEA475D226FC7D9009DC366 /* JobsityChallenge.app */;
			productType = "com.apple.product-type.application";
		};
		9CEA4773226FC7DB009DC366 /* JobsityChallengeTests */ = {
			isa = PBXNativeTarget;
			buildConfigurationList = 9CEA4780226FC7DB009DC366 /* Build configuration list for PBXNativeTarget "JobsityChallengeTests" */;
			buildPhases = (
				45CE462E7C243E6BE7F592FF /* [CP] Check Pods Manifest.lock */,
				9CEA4770226FC7DB009DC366 /* Sources */,
				9CEA4771226FC7DB009DC366 /* Frameworks */,
				9CEA4772226FC7DB009DC366 /* Resources */,
			);
			buildRules = (
			);
			dependencies = (
				9CEA4776226FC7DB009DC366 /* PBXTargetDependency */,
			);
			name = JobsityChallengeTests;
			productName = JobsityChallengeTests;
			productReference = 9CEA4774226FC7DB009DC366 /* JobsityChallengeTests.xctest */;
			productType = "com.apple.product-type.bundle.unit-test";
		};
/* End PBXNativeTarget section */

/* Begin PBXProject section */
		9CEA4755226FC7D9009DC366 /* Project object */ = {
			isa = PBXProject;
			attributes = {
				LastSwiftUpdateCheck = 1020;
				LastUpgradeCheck = 1020;
				ORGANIZATIONNAME = "Marcelo José";
				TargetAttributes = {
					9CEA475C226FC7D9009DC366 = {
						CreatedOnToolsVersion = 10.2.1;
					};
					9CEA4773226FC7DB009DC366 = {
						CreatedOnToolsVersion = 10.2.1;
						TestTargetID = 9CEA475C226FC7D9009DC366;
					};
				};
			};
			buildConfigurationList = 9CEA4758226FC7D9009DC366 /* Build configuration list for PBXProject "JobsityChallenge" */;
			compatibilityVersion = "Xcode 9.3";
			developmentRegion = en;
			hasScannedForEncodings = 0;
			knownRegions = (
				en,
				Base,
			);
			mainGroup = 9CEA4754226FC7D9009DC366;
			productRefGroup = 9CEA475E226FC7D9009DC366 /* Products */;
			projectDirPath = "";
			projectRoot = "";
			targets = (
				9CEA475C226FC7D9009DC366 /* JobsityChallenge */,
				9CEA4773226FC7DB009DC366 /* JobsityChallengeTests */,
			);
		};
/* End PBXProject section */

/* Begin PBXResourcesBuildPhase section */
		9CEA475B226FC7D9009DC366 /* Resources */ = {
			isa = PBXResourcesBuildPhase;
			buildActionMask = 2147483647;
			files = (
				9CEA47AC22712F35009DC366 /* ShowTableViewCell.xib in Resources */,
				9CEA47872270562D009DC366 /* Config.plist in Resources */,
				9CEA476E226FC7DA009DC366 /* LaunchScreen.storyboard in Resources */,
				9CEA479C22706D2C009DC366 /* Show.storyboard in Resources */,
				9CEA476B226FC7DA009DC366 /* Assets.xcassets in Resources */,
				9CEA4766226FC7D9009DC366 /* Main.storyboard in Resources */,
			);
			runOnlyForDeploymentPostprocessing = 0;
		};
		9CEA4772226FC7DB009DC366 /* Resources */ = {
			isa = PBXResourcesBuildPhase;
			buildActionMask = 2147483647;
			files = (
			);
			runOnlyForDeploymentPostprocessing = 0;
		};
/* End PBXResourcesBuildPhase section */

/* Begin PBXShellScriptBuildPhase section */
		0DFA986D54604EB615185982 /* [CP] Embed Pods Frameworks */ = {
			isa = PBXShellScriptBuildPhase;
			buildActionMask = 2147483647;
			files = (
			);
			inputFileListPaths = (
			);
			inputPaths = (
				"${PODS_ROOT}/Target Support Files/Pods-JobsityChallenge/Pods-JobsityChallenge-frameworks.sh",
				"${BUILT_PRODUCTS_DIR}/Alamofire/Alamofire.framework",
			);
			name = "[CP] Embed Pods Frameworks";
			outputFileListPaths = (
			);
			outputPaths = (
				"${TARGET_BUILD_DIR}/${FRAMEWORKS_FOLDER_PATH}/Alamofire.framework",
			);
			runOnlyForDeploymentPostprocessing = 0;
			shellPath = /bin/sh;
			shellScript = "\"${PODS_ROOT}/Target Support Files/Pods-JobsityChallenge/Pods-JobsityChallenge-frameworks.sh\"\n";
			showEnvVarsInLog = 0;
		};
		45CE462E7C243E6BE7F592FF /* [CP] Check Pods Manifest.lock */ = {
			isa = PBXShellScriptBuildPhase;
			buildActionMask = 2147483647;
			files = (
			);
			inputFileListPaths = (
			);
			inputPaths = (
				"${PODS_PODFILE_DIR_PATH}/Podfile.lock",
				"${PODS_ROOT}/Manifest.lock",
			);
			name = "[CP] Check Pods Manifest.lock";
			outputFileListPaths = (
			);
			outputPaths = (
				"$(DERIVED_FILE_DIR)/Pods-JobsityChallengeTests-checkManifestLockResult.txt",
			);
			runOnlyForDeploymentPostprocessing = 0;
			shellPath = /bin/sh;
			shellScript = "diff \"${PODS_PODFILE_DIR_PATH}/Podfile.lock\" \"${PODS_ROOT}/Manifest.lock\" > /dev/null\nif [ $? != 0 ] ; then\n    # print error to STDERR\n    echo \"error: The sandbox is not in sync with the Podfile.lock. Run 'pod install' or update your CocoaPods installation.\" >&2\n    exit 1\nfi\n# This output is used by Xcode 'outputs' to avoid re-running this script phase.\necho \"SUCCESS\" > \"${SCRIPT_OUTPUT_FILE_0}\"\n";
			showEnvVarsInLog = 0;
		};
		787BFDB47B99D63FE94A0F56 /* [CP] Check Pods Manifest.lock */ = {
			isa = PBXShellScriptBuildPhase;
			buildActionMask = 2147483647;
			files = (
			);
			inputFileListPaths = (
			);
			inputPaths = (
				"${PODS_PODFILE_DIR_PATH}/Podfile.lock",
				"${PODS_ROOT}/Manifest.lock",
			);
			name = "[CP] Check Pods Manifest.lock";
			outputFileListPaths = (
			);
			outputPaths = (
				"$(DERIVED_FILE_DIR)/Pods-JobsityChallenge-checkManifestLockResult.txt",
			);
			runOnlyForDeploymentPostprocessing = 0;
			shellPath = /bin/sh;
			shellScript = "diff \"${PODS_PODFILE_DIR_PATH}/Podfile.lock\" \"${PODS_ROOT}/Manifest.lock\" > /dev/null\nif [ $? != 0 ] ; then\n    # print error to STDERR\n    echo \"error: The sandbox is not in sync with the Podfile.lock. Run 'pod install' or update your CocoaPods installation.\" >&2\n    exit 1\nfi\n# This output is used by Xcode 'outputs' to avoid re-running this script phase.\necho \"SUCCESS\" > \"${SCRIPT_OUTPUT_FILE_0}\"\n";
			showEnvVarsInLog = 0;
		};
/* End PBXShellScriptBuildPhase section */

/* Begin PBXSourcesBuildPhase section */
		9CEA4759226FC7D9009DC366 /* Sources */ = {
			isa = PBXSourcesBuildPhase;
			buildActionMask = 2147483647;
			files = (
				9CEA479622706729009DC366 /* ShowsService.swift in Sources */,
				9CEA4769226FC7D9009DC366 /* JobsityChallenge.xcdatamodeld in Sources */,
				9CEA4761226FC7D9009DC366 /* AppDelegate.swift in Sources */,
				9CEA479F22710994009DC366 /* ShowResult.swift in Sources */,
				9CEA47AE2271A216009DC366 /* ShowData.swift in Sources */,
				9CEA478E2270617B009DC366 /* PersistenceManager.swift in Sources */,
				9CEA47A722711961009DC366 /* ShowTableViewController.swift in Sources */,
				9CEA47AB22712F35009DC366 /* ShowTableViewCell.swift in Sources */,
				9CEA478B22705BE1009DC366 /* ConfigManager.swift in Sources */,
				9CEA47A422711127009DC366 /* ShowModel.swift in Sources */,
				9CEA478922705B76009DC366 /* ServiceManager.swift in Sources */,
				9CEA47A122710FBA009DC366 /* MainViewController.swift in Sources */,
			);
			runOnlyForDeploymentPostprocessing = 0;
		};
		9CEA4770226FC7DB009DC366 /* Sources */ = {
			isa = PBXSourcesBuildPhase;
			buildActionMask = 2147483647;
			files = (
				9CEA4779226FC7DB009DC366 /* JobsityChallengeTests.swift in Sources */,
			);
			runOnlyForDeploymentPostprocessing = 0;
		};
/* End PBXSourcesBuildPhase section */

/* Begin PBXTargetDependency section */
		9CEA4776226FC7DB009DC366 /* PBXTargetDependency */ = {
			isa = PBXTargetDependency;
			target = 9CEA475C226FC7D9009DC366 /* JobsityChallenge */;
			targetProxy = 9CEA4775226FC7DB009DC366 /* PBXContainerItemProxy */;
		};
/* End PBXTargetDependency section */

/* Begin PBXVariantGroup section */
		9CEA4764226FC7D9009DC366 /* Main.storyboard */ = {
			isa = PBXVariantGroup;
			children = (
				9CEA4765226FC7D9009DC366 /* Base */,
			);
			name = Main.storyboard;
			sourceTree = "<group>";
		};
		9CEA476C226FC7DA009DC366 /* LaunchScreen.storyboard */ = {
			isa = PBXVariantGroup;
			children = (
				9CEA476D226FC7DA009DC366 /* Base */,
			);
			name = LaunchScreen.storyboard;
			sourceTree = "<group>";
		};
/* End PBXVariantGroup section */

/* Begin XCBuildConfiguration section */
		9CEA477B226FC7DB009DC366 /* Debug */ = {
			isa = XCBuildConfiguration;
			buildSettings = {
				ALWAYS_SEARCH_USER_PATHS = NO;
				CLANG_ANALYZER_NONNULL = YES;
				CLANG_ANALYZER_NUMBER_OBJECT_CONVERSION = YES_AGGRESSIVE;
				CLANG_CXX_LANGUAGE_STANDARD = "gnu++14";
				CLANG_CXX_LIBRARY = "libc++";
				CLANG_ENABLE_MODULES = YES;
				CLANG_ENABLE_OBJC_ARC = YES;
				CLANG_ENABLE_OBJC_WEAK = YES;
				CLANG_WARN_BLOCK_CAPTURE_AUTORELEASING = YES;
				CLANG_WARN_BOOL_CONVERSION = YES;
				CLANG_WARN_COMMA = YES;
				CLANG_WARN_CONSTANT_CONVERSION = YES;
				CLANG_WARN_DEPRECATED_OBJC_IMPLEMENTATIONS = YES;
				CLANG_WARN_DIRECT_OBJC_ISA_USAGE = YES_ERROR;
				CLANG_WARN_DOCUMENTATION_COMMENTS = YES;
				CLANG_WARN_EMPTY_BODY = YES;
				CLANG_WARN_ENUM_CONVERSION = YES;
				CLANG_WARN_INFINITE_RECURSION = YES;
				CLANG_WARN_INT_CONVERSION = YES;
				CLANG_WARN_NON_LITERAL_NULL_CONVERSION = YES;
				CLANG_WARN_OBJC_IMPLICIT_RETAIN_SELF = YES;
				CLANG_WARN_OBJC_LITERAL_CONVERSION = YES;
				CLANG_WARN_OBJC_ROOT_CLASS = YES_ERROR;
				CLANG_WARN_RANGE_LOOP_ANALYSIS = YES;
				CLANG_WARN_STRICT_PROTOTYPES = YES;
				CLANG_WARN_SUSPICIOUS_MOVE = YES;
				CLANG_WARN_UNGUARDED_AVAILABILITY = YES_AGGRESSIVE;
				CLANG_WARN_UNREACHABLE_CODE = YES;
				CLANG_WARN__DUPLICATE_METHOD_MATCH = YES;
				CODE_SIGN_IDENTITY = "iPhone Developer";
				COPY_PHASE_STRIP = NO;
				DEBUG_INFORMATION_FORMAT = dwarf;
				ENABLE_STRICT_OBJC_MSGSEND = YES;
				ENABLE_TESTABILITY = YES;
				GCC_C_LANGUAGE_STANDARD = gnu11;
				GCC_DYNAMIC_NO_PIC = NO;
				GCC_NO_COMMON_BLOCKS = YES;
				GCC_OPTIMIZATION_LEVEL = 0;
				GCC_PREPROCESSOR_DEFINITIONS = (
					"DEBUG=1",
					"$(inherited)",
				);
				GCC_WARN_64_TO_32_BIT_CONVERSION = YES;
				GCC_WARN_ABOUT_RETURN_TYPE = YES_ERROR;
				GCC_WARN_UNDECLARED_SELECTOR = YES;
				GCC_WARN_UNINITIALIZED_AUTOS = YES_AGGRESSIVE;
				GCC_WARN_UNUSED_FUNCTION = YES;
				GCC_WARN_UNUSED_VARIABLE = YES;
				IPHONEOS_DEPLOYMENT_TARGET = 10.0;
				MTL_ENABLE_DEBUG_INFO = INCLUDE_SOURCE;
				MTL_FAST_MATH = YES;
				ONLY_ACTIVE_ARCH = YES;
				SDKROOT = iphoneos;
				SWIFT_ACTIVE_COMPILATION_CONDITIONS = DEBUG;
				SWIFT_OPTIMIZATION_LEVEL = "-Onone";
			};
			name = Debug;
		};
		9CEA477C226FC7DB009DC366 /* Release */ = {
			isa = XCBuildConfiguration;
			buildSettings = {
				ALWAYS_SEARCH_USER_PATHS = NO;
				CLANG_ANALYZER_NONNULL = YES;
				CLANG_ANALYZER_NUMBER_OBJECT_CONVERSION = YES_AGGRESSIVE;
				CLANG_CXX_LANGUAGE_STANDARD = "gnu++14";
				CLANG_CXX_LIBRARY = "libc++";
				CLANG_ENABLE_MODULES = YES;
				CLANG_ENABLE_OBJC_ARC = YES;
				CLANG_ENABLE_OBJC_WEAK = YES;
				CLANG_WARN_BLOCK_CAPTURE_AUTORELEASING = YES;
				CLANG_WARN_BOOL_CONVERSION = YES;
				CLANG_WARN_COMMA = YES;
				CLANG_WARN_CONSTANT_CONVERSION = YES;
				CLANG_WARN_DEPRECATED_OBJC_IMPLEMENTATIONS = YES;
				CLANG_WARN_DIRECT_OBJC_ISA_USAGE = YES_ERROR;
				CLANG_WARN_DOCUMENTATION_COMMENTS = YES;
				CLANG_WARN_EMPTY_BODY = YES;
				CLANG_WARN_ENUM_CONVERSION = YES;
				CLANG_WARN_INFINITE_RECURSION = YES;
				CLANG_WARN_INT_CONVERSION = YES;
				CLANG_WARN_NON_LITERAL_NULL_CONVERSION = YES;
				CLANG_WARN_OBJC_IMPLICIT_RETAIN_SELF = YES;
				CLANG_WARN_OBJC_LITERAL_CONVERSION = YES;
				CLANG_WARN_OBJC_ROOT_CLASS = YES_ERROR;
				CLANG_WARN_RANGE_LOOP_ANALYSIS = YES;
				CLANG_WARN_STRICT_PROTOTYPES = YES;
				CLANG_WARN_SUSPICIOUS_MOVE = YES;
				CLANG_WARN_UNGUARDED_AVAILABILITY = YES_AGGRESSIVE;
				CLANG_WARN_UNREACHABLE_CODE = YES;
				CLANG_WARN__DUPLICATE_METHOD_MATCH = YES;
				CODE_SIGN_IDENTITY = "iPhone Developer";
				COPY_PHASE_STRIP = NO;
				DEBUG_INFORMATION_FORMAT = "dwarf-with-dsym";
				ENABLE_NS_ASSERTIONS = NO;
				ENABLE_STRICT_OBJC_MSGSEND = YES;
				GCC_C_LANGUAGE_STANDARD = gnu11;
				GCC_NO_COMMON_BLOCKS = YES;
				GCC_WARN_64_TO_32_BIT_CONVERSION = YES;
				GCC_WARN_ABOUT_RETURN_TYPE = YES_ERROR;
				GCC_WARN_UNDECLARED_SELECTOR = YES;
				GCC_WARN_UNINITIALIZED_AUTOS = YES_AGGRESSIVE;
				GCC_WARN_UNUSED_FUNCTION = YES;
				GCC_WARN_UNUSED_VARIABLE = YES;
				IPHONEOS_DEPLOYMENT_TARGET = 10.0;
				MTL_ENABLE_DEBUG_INFO = NO;
				MTL_FAST_MATH = YES;
				SDKROOT = iphoneos;
				SWIFT_COMPILATION_MODE = wholemodule;
				SWIFT_OPTIMIZATION_LEVEL = "-O";
				VALIDATE_PRODUCT = YES;
			};
			name = Release;
		};
		9CEA477E226FC7DB009DC366 /* Debug */ = {
			isa = XCBuildConfiguration;
			baseConfigurationReference = F59817FBBF2DA5AB1EA8C3E2 /* Pods-JobsityChallenge.debug.xcconfig */;
			buildSettings = {
				ASSETCATALOG_COMPILER_APPICON_NAME = AppIcon;
				CODE_SIGN_STYLE = Automatic;
				DEVELOPMENT_TEAM = US3X4PNDQR;
				INFOPLIST_FILE = JobsityChallenge/Info.plist;
				IPHONEOS_DEPLOYMENT_TARGET = 10.0;
				LD_RUNPATH_SEARCH_PATHS = (
					"$(inherited)",
					"@executable_path/Frameworks",
				);
				PRODUCT_BUNDLE_IDENTIFIER = es.marcelo.JobsityChallenge;
				PRODUCT_NAME = "$(TARGET_NAME)";
				SWIFT_VERSION = 5.0;
				TARGETED_DEVICE_FAMILY = "1,2";
			};
			name = Debug;
		};
		9CEA477F226FC7DB009DC366 /* Release */ = {
			isa = XCBuildConfiguration;
			baseConfigurationReference = FD36E6CD71CD2F09A671D99A /* Pods-JobsityChallenge.release.xcconfig */;
			buildSettings = {
				ASSETCATALOG_COMPILER_APPICON_NAME = AppIcon;
				CODE_SIGN_STYLE = Automatic;
				DEVELOPMENT_TEAM = US3X4PNDQR;
				INFOPLIST_FILE = JobsityChallenge/Info.plist;
				IPHONEOS_DEPLOYMENT_TARGET = 10.0;
				LD_RUNPATH_SEARCH_PATHS = (
					"$(inherited)",
					"@executable_path/Frameworks",
				);
				PRODUCT_BUNDLE_IDENTIFIER = es.marcelo.JobsityChallenge;
				PRODUCT_NAME = "$(TARGET_NAME)";
				SWIFT_VERSION = 5.0;
				TARGETED_DEVICE_FAMILY = "1,2";
			};
			name = Release;
		};
		9CEA4781226FC7DB009DC366 /* Debug */ = {
			isa = XCBuildConfiguration;
			baseConfigurationReference = EB36A10E12001900FD4937E3 /* Pods-JobsityChallengeTests.debug.xcconfig */;
			buildSettings = {
				ALWAYS_EMBED_SWIFT_STANDARD_LIBRARIES = YES;
				BUNDLE_LOADER = "$(TEST_HOST)";
				CODE_SIGN_STYLE = Automatic;
				DEVELOPMENT_TEAM = US3X4PNDQR;
				INFOPLIST_FILE = JobsityChallengeTests/Info.plist;
				LD_RUNPATH_SEARCH_PATHS = (
					"$(inherited)",
					"@executable_path/Frameworks",
					"@loader_path/Frameworks",
				);
				PRODUCT_BUNDLE_IDENTIFIER = es.marcelo.jose.JobsityChallengeTests;
				PRODUCT_NAME = "$(TARGET_NAME)";
				SWIFT_VERSION = 5.0;
				TARGETED_DEVICE_FAMILY = "1,2";
				TEST_HOST = "$(BUILT_PRODUCTS_DIR)/JobsityChallenge.app/JobsityChallenge";
			};
			name = Debug;
		};
		9CEA4782226FC7DB009DC366 /* Release */ = {
			isa = XCBuildConfiguration;
			baseConfigurationReference = CF07CE1660BC18116F20F9F8 /* Pods-JobsityChallengeTests.release.xcconfig */;
			buildSettings = {
				ALWAYS_EMBED_SWIFT_STANDARD_LIBRARIES = YES;
				BUNDLE_LOADER = "$(TEST_HOST)";
				CODE_SIGN_STYLE = Automatic;
				DEVELOPMENT_TEAM = US3X4PNDQR;
				INFOPLIST_FILE = JobsityChallengeTests/Info.plist;
				LD_RUNPATH_SEARCH_PATHS = (
					"$(inherited)",
					"@executable_path/Frameworks",
					"@loader_path/Frameworks",
				);
				PRODUCT_BUNDLE_IDENTIFIER = es.marcelo.jose.JobsityChallengeTests;
				PRODUCT_NAME = "$(TARGET_NAME)";
				SWIFT_VERSION = 5.0;
				TARGETED_DEVICE_FAMILY = "1,2";
				TEST_HOST = "$(BUILT_PRODUCTS_DIR)/JobsityChallenge.app/JobsityChallenge";
			};
			name = Release;
		};
/* End XCBuildConfiguration section */

/* Begin XCConfigurationList section */
		9CEA4758226FC7D9009DC366 /* Build configuration list for PBXProject "JobsityChallenge" */ = {
			isa = XCConfigurationList;
			buildConfigurations = (
				9CEA477B226FC7DB009DC366 /* Debug */,
				9CEA477C226FC7DB009DC366 /* Release */,
			);
			defaultConfigurationIsVisible = 0;
			defaultConfigurationName = Release;
		};
		9CEA477D226FC7DB009DC366 /* Build configuration list for PBXNativeTarget "JobsityChallenge" */ = {
			isa = XCConfigurationList;
			buildConfigurations = (
				9CEA477E226FC7DB009DC366 /* Debug */,
				9CEA477F226FC7DB009DC366 /* Release */,
			);
			defaultConfigurationIsVisible = 0;
			defaultConfigurationName = Release;
		};
		9CEA4780226FC7DB009DC366 /* Build configuration list for PBXNativeTarget "JobsityChallengeTests" */ = {
			isa = XCConfigurationList;
			buildConfigurations = (
				9CEA4781226FC7DB009DC366 /* Debug */,
				9CEA4782226FC7DB009DC366 /* Release */,
			);
			defaultConfigurationIsVisible = 0;
			defaultConfigurationName = Release;
		};
/* End XCConfigurationList section */

/* Begin XCVersionGroup section */
		9CEA4767226FC7D9009DC366 /* JobsityChallenge.xcdatamodeld */ = {
			isa = XCVersionGroup;
			children = (
				9CEA4768226FC7D9009DC366 /* JobsityChallenge.xcdatamodel */,
			);
			currentVersion = 9CEA4768226FC7D9009DC366 /* JobsityChallenge.xcdatamodel */;
			path = JobsityChallenge.xcdatamodeld;
			sourceTree = "<group>";
			versionGroupType = wrapper.xcdatamodel;
		};
/* End XCVersionGroup section */
	};
	rootObject = 9CEA4755226FC7D9009DC366 /* Project object */;
}
